
Microsoft Visual Studio Solution File, Format Version 12.00
# Visual Studio Version 16
VisualStudioVersion = 16.0.31321.278
MinimumVisualStudioVersion = 10.0.40219.1
Project("{FAE04EC0-301F-11D3-BF4B-00C04F79EFBC}") = "APIEventSchedules", "EventSchedules\APIEventSchedules.csproj", "{E8AC8908-EC59-4C36-8C89-FF1A0B1E9263}"
EndProject
Project("{FAE04EC0-301F-11D3-BF4B-00C04F79EFBC}") = "EventSchedules.Data", "EventSchedules.Data\EventSchedules.Data.csproj", "{926BAA18-B39D-4B84-B033-FBB2D3908B48}"
EndProject
Project("{FAE04EC0-301F-11D3-BF4B-00C04F79EFBC}") = "EventSchedules.Service", "EventSchedules.Service\EventSchedules.Service.csproj", "{90F267D5-0447-46A8-805E-2B6645D32C82}"
EndProject
Project("{FAE04EC0-301F-11D3-BF4B-00C04F79EFBC}") = "EventSchedules.Model", "EventSchedules.Model\EventSchedules.Model.csproj", "{AF87F2AB-C809-419D-9535-C084E6C7ED99}"
EndProject
Global
	GlobalSection(SolutionConfigurationPlatforms) = preSolution
		Debug|Any CPU = Debug|Any CPU
		Release|Any CPU = Release|Any CPU
	EndGlobalSection
	GlobalSection(ProjectConfigurationPlatforms) = postSolution
		{E8AC8908-EC59-4C36-8C89-FF1A0B1E9263}.Debug|Any CPU.ActiveCfg = Debug|Any CPU
		{E8AC8908-EC59-4C36-8C89-FF1A0B1E9263}.Debug|Any CPU.Build.0 = Debug|Any CPU
		{E8AC8908-EC59-4C36-8C89-FF1A0B1E9263}.Release|Any CPU.ActiveCfg = Release|Any CPU
		{E8AC8908-EC59-4C36-8C89-FF1A0B1E9263}.Release|Any CPU.Build.0 = Release|Any CPU
		{926BAA18-B39D-4B84-B033-FBB2D3908B48}.Debug|Any CPU.ActiveCfg = Debug|Any CPU
		{926BAA18-B39D-4B84-B033-FBB2D3908B48}.Debug|Any CPU.Build.0 = Debug|Any CPU
		{926BAA18-B39D-4B84-B033-FBB2D3908B48}.Release|Any CPU.ActiveCfg = Release|Any CPU
		{926BAA18-B39D-4B84-B033-FBB2D3908B48}.Release|Any CPU.Build.0 = Release|Any CPU
		{90F267D5-0447-46A8-805E-2B6645D32C82}.Debug|Any CPU.ActiveCfg = Debug|Any CPU
		{90F267D5-0447-46A8-805E-2B6645D32C82}.Debug|Any CPU.Build.0 = Debug|Any CPU
		{90F267D5-0447-46A8-805E-2B6645D32C82}.Release|Any CPU.ActiveCfg = Release|Any CPU
		{90F267D5-0447-46A8-805E-2B6645D32C82}.Release|Any CPU.Build.0 = Release|Any CPU
		{AF87F2AB-C809-419D-9535-C084E6C7ED99}.Debug|Any CPU.ActiveCfg = Debug|Any CPU
		{AF87F2AB-C809-419D-9535-C084E6C7ED99}.Debug|Any CPU.Build.0 = Debug|Any CPU
		{AF87F2AB-C809-419D-9535-C084E6C7ED99}.Release|Any CPU.ActiveCfg = Release|Any CPU
		{AF87F2AB-C809-419D-9535-C084E6C7ED99}.Release|Any CPU.Build.0 = Release|Any CPU
	EndGlobalSection
	GlobalSection(SolutionProperties) = preSolution
		HideSolutionNode = FALSE
	EndGlobalSection
	GlobalSection(ExtensibilityGlobals) = postSolution
		SolutionGuid = {A2EADADB-A051-4BB1-99B6-8B9A4B4032C3}
	EndGlobalSection
EndGlobal
